
Microsoft Visual Studio Solution File, Format Version 12.00
# Visual Studio Version 17
VisualStudioVersion = 17.7.34031.279
MinimumVisualStudioVersion = 10.0.40219.1
Project("{9A19103F-16F7-4668-BE54-9A1E7A4F7556}") = "lab3_Fawad_Jan", "301230271_FawadZaheer_lab3\lab3_Fawad_Jan.csproj", "{3D9B2D85-5BBC-482F-ADE5-DD328BA7E752}"
EndProject
Global
	GlobalSection(SolutionConfigurationPlatforms) = preSolution
		Debug|Any CPU = Debug|Any CPU
		Release|Any CPU = Release|Any CPU
	EndGlobalSection
	GlobalSection(ProjectConfigurationPlatforms) = postSolution
		{3D9B2D85-5BBC-482F-ADE5-DD328BA7E752}.Debug|Any CPU.ActiveCfg = Debug|Any CPU
		{3D9B2D85-5BBC-482F-ADE5-DD328BA7E752}.Debug|Any CPU.Build.0 = Debug|Any CPU
		{3D9B2D85-5BBC-482F-ADE5-DD328BA7E752}.Release|Any CPU.ActiveCfg = Release|Any CPU
		{3D9B2D85-5BBC-482F-ADE5-DD328BA7E752}.Release|Any CPU.Build.0 = Release|Any CPU
	EndGlobalSection
	GlobalSection(SolutionProperties) = preSolution
		HideSolutionNode = FALSE
	EndGlobalSection
	GlobalSection(ExtensibilityGlobals) = postSolution
		SolutionGuid = {E5604271-F8C1-45A6-AF28-F05571EF93F5}
	EndGlobalSection
EndGlobal
